// !$*UTF8*$!
{
	archiveVersion = 1;
	classes = {
	};
	objectVersion = 46;
	objects = {

/* Begin PBXBuildFile section */
		88EAE5151711EE1200F01201 /* UIKit.framework in Frameworks */ = {isa = PBXBuildFile; fileRef = 88EAE5141711EE1200F01201 /* UIKit.framework */; };
		88EAE5171711EE1200F01201 /* Foundation.framework in Frameworks */ = {isa = PBXBuildFile; fileRef = 88EAE5161711EE1200F01201 /* Foundation.framework */; };
		88EAE5191711EE1200F01201 /* CoreGraphics.framework in Frameworks */ = {isa = PBXBuildFile; fileRef = 88EAE5181711EE1200F01201 /* CoreGraphics.framework */; };
		88EAE51F1711EE1200F01201 /* InfoPlist.strings in Resources */ = {isa = PBXBuildFile; fileRef = 88EAE51D1711EE1200F01201 /* InfoPlist.strings */; };
		88EAE5211711EE1200F01201 /* main.m in Sources */ = {isa = PBXBuildFile; fileRef = 88EAE5201711EE1200F01201 /* main.m */; };
		88EAE5251711EE1200F01201 /* AppDelegate.m in Sources */ = {isa = PBXBuildFile; fileRef = 88EAE5241711EE1200F01201 /* AppDelegate.m */; };
		88EAE5271711EE1200F01201 /* Default.png in Resources */ = {isa = PBXBuildFile; fileRef = 88EAE5261711EE1200F01201 /* Default.png */; };
		88EAE5291711EE1200F01201 /* Default@2x.png in Resources */ = {isa = PBXBuildFile; fileRef = 88EAE5281711EE1200F01201 /* Default@2x.png */; };
		88EAE52B1711EE1200F01201 /* Default-568h@2x.png in Resources */ = {isa = PBXBuildFile; fileRef = 88EAE52A1711EE1200F01201 /* Default-568h@2x.png */; };
		88EAE52E1711EE1200F01201 /* MainStoryboard.storyboard in Resources */ = {isa = PBXBuildFile; fileRef = 88EAE52C1711EE1200F01201 /* MainStoryboard.storyboard */; };
		88EAE5311711EE1200F01201 /* ViewController.m in Sources */ = {isa = PBXBuildFile; fileRef = 88EAE5301711EE1200F01201 /* ViewController.m */; };
		88EAE5381711F18900F01201 /* CoreImage.framework in Frameworks */ = {isa = PBXBuildFile; fileRef = 88EAE5371711F18900F01201 /* CoreImage.framework */; };
/* End PBXBuildFile section */

/* Begin PBXFileReference section */
		88EAE5111711EE1200F01201 /* ImageFilterApp.app */ = {isa = PBXFileReference; explicitFileType = wrapper.application; includeInIndex = 0; path = ImageFilterApp.app; sourceTree = BUILT_PRODUCTS_DIR; };
		88EAE5141711EE1200F01201 /* UIKit.framework */ = {isa = PBXFileReference; lastKnownFileType = wrapper.framework; name = UIKit.framework; path = System/Library/Frameworks/UIKit.framework; sourceTree = SDKROOT; };
		88EAE5161711EE1200F01201 /* Foundation.framework */ = {isa = PBXFileReference; lastKnownFileType = wrapper.framework; name = Foundation.framework; path = System/Library/Frameworks/Foundation.framework; sourceTree = SDKROOT; };
		88EAE5181711EE1200F01201 /* CoreGraphics.framework */ = {isa = PBXFileReference; lastKnownFileType = wrapper.framework; name = CoreGraphics.framework; path = System/Library/Frameworks/CoreGraphics.framework; sourceTree = SDKROOT; };
		88EAE51C1711EE1200F01201 /* ImageFilterApp-Info.plist */ = {isa = PBXFileReference; lastKnownFileType = text.plist.xml; path = "ImageFilterApp-Info.plist"; sourceTree = "<group>"; };
		88EAE51E1711EE1200F01201 /* en */ = {isa = PBXFileReference; lastKnownFileType = text.plist.strings; name = en; path = en.lproj/InfoPlist.strings; sourceTree = "<group>"; };
		88EAE5201711EE1200F01201 /* main.m */ = {isa = PBXFileReference; lastKnownFileType = sourcecode.c.objc; path = main.m; sourceTree = "<group>"; };
		88EAE5221711EE1200F01201 /* ImageFilterApp-Prefix.pch */ = {isa = PBXFileReference; lastKnownFileType = sourcecode.c.h; path = "ImageFilterApp-Prefix.pch"; sourceTree = "<group>"; };
		88EAE5231711EE1200F01201 /* AppDelegate.h */ = {isa = PBXFileReference; lastKnownFileType = sourcecode.c.h; path = AppDelegate.h; sourceTree = "<group>"; };
		88EAE5241711EE1200F01201 /* AppDelegate.m */ = {isa = PBXFileReference; lastKnownFileType = sourcecode.c.objc; path = AppDelegate.m; sourceTree = "<group>"; };
		88EAE5261711EE1200F01201 /* Default.png */ = {isa = PBXFileReference; lastKnownFileType = image.png; path = Default.png; sourceTree = "<group>"; };
		88EAE5281711EE1200F01201 /* Default@2x.png */ = {isa = PBXFileReference; lastKnownFileType = image.png; path = "Default@2x.png"; sourceTree = "<group>"; };
		88EAE52A1711EE1200F01201 /* Default-568h@2x.png */ = {isa = PBXFileReference; lastKnownFileType = image.png; path = "Default-568h@2x.png"; sourceTree = "<group>"; };
		88EAE52D1711EE1200F01201 /* en */ = {isa = PBXFileReference; lastKnownFileType = file.storyboard; name = en; path = en.lproj/MainStoryboard.storyboard; sourceTree = "<group>"; };
		88EAE52F1711EE1200F01201 /* ViewController.h */ = {isa = PBXFileReference; lastKnownFileType = sourcecode.c.h; path = ViewController.h; sourceTree = "<group>"; };
		88EAE5301711EE1200F01201 /* ViewController.m */ = {isa = PBXFileReference; lastKnownFileType = sourcecode.c.objc; path = ViewController.m; sourceTree = "<group>"; };
		88EAE5371711F18900F01201 /* CoreImage.framework */ = {isa = PBXFileReference; lastKnownFileType = wrapper.framework; name = CoreImage.framework; path = System/Library/Frameworks/CoreImage.framework; sourceTree = SDKROOT; };
/* End PBXFileReference section */

/* Begin PBXFrameworksBuildPhase section */
		88EAE50E1711EE1100F01201 /* Frameworks */ = {
			isa = PBXFrameworksBuildPhase;
			buildActionMask = 2147483647;
			files = (
				88EAE5381711F18900F01201 /* CoreImage.framework in Frameworks */,
				88EAE5151711EE1200F01201 /* UIKit.framework in Frameworks */,
				88EAE5171711EE1200F01201 /* Foundation.framework in Frameworks */,
				88EAE5191711EE1200F01201 /* CoreGraphics.framework in Frameworks */,
			);
			runOnlyForDeploymentPostprocessing = 0;
		};
/* End PBXFrameworksBuildPhase section */

/* Begin PBXGroup section */
		88EAE5081711EE1100F01201 = {
			isa = PBXGroup;
			children = (
				88EAE5371711F18900F01201 /* CoreImage.framework */,
				88EAE51A1711EE1200F01201 /* ImageFilterApp */,
				88EAE5131711EE1200F01201 /* Frameworks */,
				88EAE5121711EE1200F01201 /* Products */,
			);
			sourceTree = "<group>";
		};
		88EAE5121711EE1200F01201 /* Products */ = {
			isa = PBXGroup;
			children = (
				88EAE5111711EE1200F01201 /* ImageFilterApp.app */,
			);
			name = Products;
			sourceTree = "<group>";
		};
		88EAE5131711EE1200F01201 /* Frameworks */ = {
			isa = PBXGroup;
			children = (
				88EAE5141711EE1200F01201 /* UIKit.framework */,
				88EAE5161711EE1200F01201 /* Foundation.framework */,
				88EAE5181711EE1200F01201 /* CoreGraphics.framework */,
			);
			name = Frameworks;
			sourceTree = "<group>";
		};
		88EAE51A1711EE1200F01201 /* ImageFilterApp */ = {
			isa = PBXGroup;
			children = (
				88EAE5231711EE1200F01201 /* AppDelegate.h */,
				88EAE5241711EE1200F01201 /* AppDelegate.m */,
				88EAE52C1711EE1200F01201 /* MainStoryboard.storyboard */,
				88EAE52F1711EE1200F01201 /* ViewController.h */,
				88EAE5301711EE1200F01201 /* ViewController.m */,
				88EAE51B1711EE1200F01201 /* Supporting Files */,
			);
			path = ImageFilterApp;
			sourceTree = "<group>";
		};
		88EAE51B1711EE1200F01201 /* Supporting Files */ = {
			isa = PBXGroup;
			children = (
				88EAE51C1711EE1200F01201 /* ImageFilterApp-Info.plist */,
				88EAE51D1711EE1200F01201 /* InfoPlist.strings */,
				88EAE5201711EE1200F01201 /* main.m */,
				88EAE5221711EE1200F01201 /* ImageFilterApp-Prefix.pch */,
				88EAE5261711EE1200F01201 /* Default.png */,
				88EAE5281711EE1200F01201 /* Default@2x.png */,
				88EAE52A1711EE1200F01201 /* Default-568h@2x.png */,
			);
			name = "Supporting Files";
			sourceTree = "<group>";
		};
/* End PBXGroup section */

/* Begin PBXNativeTarget section */
		88EAE5101711EE1100F01201 /* ImageFilterApp */ = {
			isa = PBXNativeTarget;
			buildConfigurationList = 88EAE5341711EE1200F01201 /* Build configuration list for PBXNativeTarget "ImageFilterApp" */;
			buildPhases = (
				88EAE50D1711EE1100F01201 /* Sources */,
				88EAE50E1711EE1100F01201 /* Frameworks */,
				88EAE50F1711EE1100F01201 /* Resources */,
			);
			buildRules = (
			);
			dependencies = (
			);
			name = ImageFilterApp;
			productName = ImageFilterApp;
			productReference = 88EAE5111711EE1200F01201 /* ImageFilterApp.app */;
			productType = "com.apple.product-type.application";
		};
/* End PBXNativeTarget section */

/* Begin PBXProject section */
		88EAE5091711EE1100F01201 /* Project object */ = {
			isa = PBXProject;
			attributes = {
				LastUpgradeCheck = 0460;
				ORGANIZATIONNAME = "Joe Hoffman";
			};
			buildConfigurationList = 88EAE50C1711EE1100F01201 /* Build configuration list for PBXProject "ImageFilterApp" */;
			compatibilityVersion = "Xcode 3.2";
			developmentRegion = English;
			hasScannedForEncodings = 0;
			knownRegions = (
				en,
			);
			mainGroup = 88EAE5081711EE1100F01201;
			productRefGroup = 88EAE5121711EE1200F01201 /* Products */;
			projectDirPath = "";
			projectRoot = "";
			targets = (
				88EAE5101711EE1100F01201 /* ImageFilterApp */,
			);
		};
/* End PBXProject section */

/* Begin PBXResourcesBuildPhase section */
		88EAE50F1711EE1100F01201 /* Resources */ = {
			isa = PBXResourcesBuildPhase;
			buildActionMask = 2147483647;
			files = (
				88EAE51F1711EE1200F01201 /* InfoPlist.strings in Resources */,
				88EAE5271711EE1200F01201 /* Default.png in Resources */,
				88EAE5291711EE1200F01201 /* Default@2x.png in Resources */,
				88EAE52B1711EE1200F01201 /* Default-568h@2x.png in Resources */,
				88EAE52E1711EE1200F01201 /* MainStoryboard.storyboard in Resources */,
			);
			runOnlyForDeploymentPostprocessing = 0;
		};
/* End PBXResourcesBuildPhase section */

/* Begin PBXSourcesBuildPhase section */
		88EAE50D1711EE1100F01201 /* Sources */ = {
			isa = PBXSourcesBuildPhase;
			buildActionMask = 2147483647;
			files = (
				88EAE5211711EE1200F01201 /* main.m in Sources */,
				88EAE5251711EE1200F01201 /* AppDelegate.m in Sources */,
				88EAE5311711EE1200F01201 /* ViewController.m in Sources */,
			);
			runOnlyForDeploymentPostprocessing = 0;
		};
/* End PBXSourcesBuildPhase section */

/* Begin PBXVariantGroup section */
		88EAE51D1711EE1200F01201 /* InfoPlist.strings */ = {
			isa = PBXVariantGroup;
			children = (
				88EAE51E1711EE1200F01201 /* en */,
			);
			name = InfoPlist.strings;
			sourceTree = "<group>";
		};
		88EAE52C1711EE1200F01201 /* MainStoryboard.storyboard */ = {
			isa = PBXVariantGroup;
			children = (
				88EAE52D1711EE1200F01201 /* en */,
			);
			name = MainStoryboard.storyboard;
			sourceTree = "<group>";
		};
/* End PBXVariantGroup section */

/* Begin XCBuildConfiguration section */
		88EAE5321711EE1200F01201 /* Debug */ = {
			isa = XCBuildConfiguration;
			buildSettings = {
				ALWAYS_SEARCH_USER_PATHS = NO;
				CLANG_CXX_LANGUAGE_STANDARD = "gnu++0x";
				CLANG_CXX_LIBRARY = "libc++";
				CLANG_ENABLE_OBJC_ARC = YES;
				CLANG_WARN_CONSTANT_CONVERSION = YES;
				CLANG_WARN_EMPTY_BODY = YES;
				CLANG_WARN_ENUM_CONVERSION = YES;
				CLANG_WARN_INT_CONVERSION = YES;
				CLANG_WARN__DUPLICATE_METHOD_MATCH = YES;
				"CODE_SIGN_IDENTITY[sdk=iphoneos*]" = "iPhone Developer";
				COPY_PHASE_STRIP = NO;
				GCC_C_LANGUAGE_STANDARD = gnu99;
				GCC_DYNAMIC_NO_PIC = NO;
				GCC_OPTIMIZATION_LEVEL = 0;
				GCC_PREPROCESSOR_DEFINITIONS = (
					"DEBUG=1",
					"$(inherited)",
				);
				GCC_SYMBOLS_PRIVATE_EXTERN = NO;
				GCC_WARN_ABOUT_RETURN_TYPE = YES;
				GCC_WARN_UNINITIALIZED_AUTOS = YES;
				GCC_WARN_UNUSED_VARIABLE = YES;
				IPHONEOS_DEPLOYMENT_TARGET = 6.1;
				ONLY_ACTIVE_ARCH = YES;
				SDKROOT = iphoneos;
			};
			name = Debug;
		};
		88EAE5331711EE1200F01201 /* Release */ = {
			isa = XCBuildConfiguration;
			buildSettings = {
				ALWAYS_SEARCH_USER_PATHS = NO;
				CLANG_CXX_LANGUAGE_STANDARD = "gnu++0x";
				CLANG_CXX_LIBRARY = "libc++";
				CLANG_ENABLE_OBJC_ARC = YES;
				CLANG_WARN_CONSTANT_CONVERSION = YES;
				CLANG_WARN_EMPTY_BODY = YES;
				CLANG_WARN_ENUM_CONVERSION = YES;
				CLANG_WARN_INT_CONVERSION = YES;
				CLANG_WARN__DUPLICATE_METHOD_MATCH = YES;
				"CODE_SIGN_IDENTITY[sdk=iphoneos*]" = "iPhone Developer";
				COPY_PHASE_STRIP = YES;
				GCC_C_LANGUAGE_STANDARD = gnu99;
				GCC_WARN_ABOUT_RETURN_TYPE = YES;
				GCC_WARN_UNINITIALIZED_AUTOS = YES;
				GCC_WARN_UNUSED_VARIABLE = YES;
				IPHONEOS_DEPLOYMENT_TARGET = 6.1;
				OTHER_CFLAGS = "-DNS_BLOCK_ASSERTIONS=1";
				SDKROOT = iphoneos;
				VALIDATE_PRODUCT = YES;
			};
			name = Release;
		};
		88EAE5351711EE1200F01201 /* Debug */ = {
			isa = XCBuildConfiguration;
			buildSettings = {
				GCC_PRECOMPILE_PREFIX_HEADER = YES;
				GCC_PREFIX_HEADER = "ImageFilterApp/ImageFilterApp-Prefix.pch";
				INFOPLIST_FILE = "ImageFilterApp/ImageFilterApp-Info.plist";
				PRODUCT_NAME = "$(TARGET_NAME)";
				WRAPPER_EXTENSION = app;
			};
			name = Debug;
		};
		88EAE5361711EE1200F01201 /* Release */ = {
			isa = XCBuildConfiguration;
			buildSettings = {
				GCC_PRECOMPILE_PREFIX_HEADER = YES;
				GCC_PREFIX_HEADER = "ImageFilterApp/ImageFilterApp-Prefix.pch";
				INFOPLIST_FILE = "ImageFilterApp/ImageFilterApp-Info.plist";
				PRODUCT_NAME = "$(TARGET_NAME)";
				WRAPPER_EXTENSION = app;
			};
			name = Release;
		};
/* End XCBuildConfiguration section */

/* Begin XCConfigurationList section */
		88EAE50C1711EE1100F01201 /* Build configuration list for PBXProject "ImageFilterApp" */ = {
			isa = XCConfigurationList;
			buildConfigurations = (
				88EAE5321711EE1200F01201 /* Debug */,
				88EAE5331711EE1200F01201 /* Release */,
			);
			defaultConfigurationIsVisible = 0;
			defaultConfigurationName = Release;
		};
		88EAE5341711EE1200F01201 /* Build configuration list for PBXNativeTarget "ImageFilterApp" */ = {
			isa = XCConfigurationList;
			buildConfigurations = (
				88EAE5351711EE1200F01201 /* Debug */,
				88EAE5361711EE1200F01201 /* Release */,
			);
			defaultConfigurationIsVisible = 0;
		};
/* End XCConfigurationList section */
	};
	rootObject = 88EAE5091711EE1100F01201 /* Project object */;
}
